
Microsoft Visual Studio Solution File, Format Version 12.00
# Visual Studio 2012
Project("{FAE04EC0-301F-11D3-BF4B-00C04F79EFBC}") = "PurchaseTemplate", "PurchaseTemplate.csproj", "{35114CC8-398F-4E36-A1B8-CDABDB0F05EE}"
EndProject
Global
	GlobalSection(TeamFoundationVersionControl) = preSolution
		SccNumberOfProjects = 1
		SccEnterpriseProvider = {4CA58AB2-18FA-4F8D-95D4-32DDF27D184C}
		SccTeamFoundationServer = https://tfs.artez.com/tfs/defaultcollection
		SccProjectUniqueName0 = PurchaseTemplate.csproj
		SccProjectName0 = .
		SccAuxPath0 = https://tfs.artez.com/tfs/defaultcollection
		SccLocalPath0 = .
		SccProvider0 = {4CA58AB2-18FA-4F8D-95D4-32DDF27D184C}
	EndGlobalSection
	GlobalSection(SolutionConfigurationPlatforms) = preSolution
		Debug|Any CPU = Debug|Any CPU
		Release|Any CPU = Release|Any CPU
	EndGlobalSection
	GlobalSection(ProjectConfigurationPlatforms) = postSolution
		{35114CC8-398F-4E36-A1B8-CDABDB0F05EE}.Debug|Any CPU.ActiveCfg = Debug|Any CPU
		{35114CC8-398F-4E36-A1B8-CDABDB0F05EE}.Debug|Any CPU.Build.0 = Debug|Any CPU
		{35114CC8-398F-4E36-A1B8-CDABDB0F05EE}.Release|Any CPU.ActiveCfg = Release|Any CPU
		{35114CC8-398F-4E36-A1B8-CDABDB0F05EE}.Release|Any CPU.Build.0 = Release|Any CPU
	EndGlobalSection
	GlobalSection(SolutionProperties) = preSolution
		HideSolutionNode = FALSE
	EndGlobalSection
EndGlobal
